
Microsoft Visual Studio Solution File, Format Version 12.00
# Visual Studio Version 17
VisualStudioVersion = 17.5.002.0
MinimumVisualStudioVersion = 10.0.40219.1
Project("{9A19103F-16F7-4668-BE54-9A1E7A4F7556}") = "react_api", "react_api\react_api.csproj", "{46CB292F-97DA-4308-AE17-433192B0060E}"
EndProject
Global
	GlobalSection(SolutionConfigurationPlatforms) = preSolution
		Debug|Any CPU = Debug|Any CPU
		Release|Any CPU = Release|Any CPU
	EndGlobalSection
	GlobalSection(ProjectConfigurationPlatforms) = postSolution
		{46CB292F-97DA-4308-AE17-433192B0060E}.Debug|Any CPU.ActiveCfg = Debug|Any CPU
		{46CB292F-97DA-4308-AE17-433192B0060E}.Debug|Any CPU.Build.0 = Debug|Any CPU
		{46CB292F-97DA-4308-AE17-433192B0060E}.Release|Any CPU.ActiveCfg = Release|Any CPU
		{46CB292F-97DA-4308-AE17-433192B0060E}.Release|Any CPU.Build.0 = Release|Any CPU
	EndGlobalSection
	GlobalSection(SolutionProperties) = preSolution
		HideSolutionNode = FALSE
	EndGlobalSection
	GlobalSection(ExtensibilityGlobals) = postSolution
		SolutionGuid = {6AFB6B58-81AC-4220-B65C-8DA7D8C72AD1}
	EndGlobalSection
EndGlobal
